<?xml version="1.0" encoding="utf-8"?>
<Project ToolsVersion="4.0" xmlns="http://schemas.microsoft.com/developer/msbuild/2003">
  <ItemGroup>
    <Filter Include="Source Files">
      <UniqueIdentifier>{4FC737F1-C7A5-4376-A066-2A32D752A2FF}</UniqueIdentifier>
      <Extensions>cpp;c;cc;cxx;def;odl;idl;hpj;bat;asm;asmx</Extensions>
    </Filter>
    <Filter Include="Header Files">
      <UniqueIdentifier>{93995380-89BD-4b04-88EB-625FBE52EBFB}</UniqueIdentifier>
      <Extensions>h;hh;hpp;hxx;hm;inl;inc;ipp;xsd</Extensions>
    </Filter>
    <Filter Include="Resource Files">
      <UniqueIdentifier>{67DA6AB6-F800-4c08-8B7A-83BB121AAD01}</UniqueIdentifier>
      <Extensions>rc;ico;cur;bmp;dlg;rc2;rct;bin;rgs;gif;jpg;jpeg;jpe;resx;tiff;tif;png;wav;mfcribbon-ms</Extensions>
    </Filter>
  </ItemGroup>
  <ItemGroup>
    <ClCompile Include="Bitmapclass.cpp">
      <Filter>Source Files</Filter>
    </ClCompile>
    <ClCompile Include="Cameraclass.cpp">
      <Filter>Source Files</Filter>
    </ClCompile>
    <ClCompile Include="Colorshaderclass.cpp">
      <Filter>Source Files</Filter>
    </ClCompile>
    <ClCompile Include="Cpuclass.cpp">
      <Filter>Source Files</Filter>
    </ClCompile>
    <ClCompile Include="D3DClass.cpp">
      <Filter>Source Files</Filter>
    </ClCompile>
    <ClCompile Include="Fontclass.cpp">
      <Filter>Source Files</Filter>
    </ClCompile>
    <ClCompile Include="Fontshaderclass.cpp">
      <Filter>Source Files</Filter>
    </ClCompile>
    <ClCompile Include="Fpsclass.cpp">
      <Filter>Source Files</Filter>
    </ClCompile>
    <ClCompile Include="Frustumclass.cpp">
      <Filter>Source Files</Filter>
    </ClCompile>
    <ClCompile Include="Graphicsclass.cpp">
      <Filter>Source Files</Filter>
    </ClCompile>
    <ClCompile Include="Inputclass.cpp">
      <Filter>Source Files</Filter>
    </ClCompile>
    <ClCompile Include="Lightclass.cpp">
      <Filter>Source Files</Filter>
    </ClCompile>
    <ClCompile Include="Lightmapshaderclass.cpp">
      <Filter>Source Files</Filter>
    </ClCompile>
    <ClCompile Include="Lightshaderclass.cpp">
      <Filter>Source Files</Filter>
    </ClCompile>
    <ClCompile Include="main.cpp">
      <Filter>Source Files</Filter>
    </ClCompile>
    <ClCompile Include="Modelclass.cpp">
      <Filter>Source Files</Filter>
    </ClCompile>
    <ClCompile Include="Modellistclass.cpp">
      <Filter>Source Files</Filter>
    </ClCompile>
    <ClCompile Include="Multitextureshaderclass.cpp">
      <Filter>Source Files</Filter>
    </ClCompile>
    <ClCompile Include="Positionclass.cpp">
      <Filter>Source Files</Filter>
    </ClCompile>
    <ClCompile Include="Systemclass.cpp">
      <Filter>Source Files</Filter>
    </ClCompile>
    <ClCompile Include="Textclass.cpp">
      <Filter>Source Files</Filter>
    </ClCompile>
    <ClCompile Include="Texturearrayclass.cpp">
      <Filter>Source Files</Filter>
    </ClCompile>
    <ClCompile Include="Textureclass.cpp">
      <Filter>Source Files</Filter>
    </ClCompile>
    <ClCompile Include="Textureshaderclass.cpp">
      <Filter>Source Files</Filter>
    </ClCompile>
    <ClCompile Include="Timerclass.cpp">
      <Filter>Source Files</Filter>
    </ClCompile>
    <ClCompile Include="Alphamapshaderclass.cpp">
      <Filter>Source Files</Filter>
    </ClCompile>
  </ItemGroup>
  <ItemGroup>
    <ClInclude Include="Bitmapclass.h">
      <Filter>Header Files</Filter>
    </ClInclude>
    <ClInclude Include="Cameraclass.h">
      <Filter>Header Files</Filter>
    </ClInclude>
    <ClInclude Include="Colorshaderclass.h">
      <Filter>Header Files</Filter>
    </ClInclude>
    <ClInclude Include="Cpuclass.h">
      <Filter>Header Files</Filter>
    </ClInclude>
    <ClInclude Include="D3DClass.h">
      <Filter>Header Files</Filter>
    </ClInclude>
    <ClInclude Include="Fontclass.h">
      <Filter>Header Files</Filter>
    </ClInclude>
    <ClInclude Include="Fontshaderclass.h">
      <Filter>Header Files</Filter>
    </ClInclude>
    <ClInclude Include="Fpsclass.h">
      <Filter>Header Files</Filter>
    </ClInclude>
    <ClInclude Include="Frustumclass.h">
      <Filter>Header Files</Filter>
    </ClInclude>
    <ClInclude Include="Graphicsclass.h">
      <Filter>Header Files</Filter>
    </ClInclude>
    <ClInclude Include="Inputclass.h">
      <Filter>Header Files</Filter>
    </ClInclude>
    <ClInclude Include="Lightclass.h">
      <Filter>Header Files</Filter>
    </ClInclude>
    <ClInclude Include="Lightmapshaderclass.h">
      <Filter>Header Files</Filter>
    </ClInclude>
    <ClInclude Include="Lightshaderclass.h">
      <Filter>Header Files</Filter>
    </ClInclude>
    <ClInclude Include="Modelclass.h">
      <Filter>Header Files</Filter>
    </ClInclude>
    <ClInclude Include="Modellistclass.h">
      <Filter>Header Files</Filter>
    </ClInclude>
    <ClInclude Include="Multitextureshaderclass.h">
      <Filter>Header Files</Filter>
    </ClInclude>
    <ClInclude Include="Positionclass.h">
      <Filter>Header Files</Filter>
    </ClInclude>
    <ClInclude Include="Systemclass.h">
      <Filter>Header Files</Filter>
    </ClInclude>
    <ClInclude Include="Textclass.h">
      <Filter>Header Files</Filter>
    </ClInclude>
    <ClInclude Include="Texturearrayclass.h">
      <Filter>Header Files</Filter>
    </ClInclude>
    <ClInclude Include="Textureclass.h">
      <Filter>Header Files</Filter>
    </ClInclude>
    <ClInclude Include="Textureshaderclass.h">
      <Filter>Header Files</Filter>
    </ClInclude>
    <ClInclude Include="Timerclass.h">
      <Filter>Header Files</Filter>
    </ClInclude>
    <ClInclude Include="Alphamapshaderclass.h">
      <Filter>Header Files</Filter>
    </ClInclude>
  </ItemGroup>
  <ItemGroup>
    <None Include="Color.ps">
      <Filter>Resource Files</Filter>
    </None>
    <None Include="Color.vs">
      <Filter>Resource Files</Filter>
    </None>
    <None Include="Font.ps">
      <Filter>Resource Files</Filter>
    </None>
    <None Include="Font.vs">
      <Filter>Resource Files</Filter>
    </None>
    <None Include="Light.ps">
      <Filter>Resource Files</Filter>
    </None>
    <None Include="Light.vs">
      <Filter>Resource Files</Filter>
    </None>
    <None Include="Texture.ps">
      <Filter>Resource Files</Filter>
    </None>
    <None Include="Texture.vs">
      <Filter>Resource Files</Filter>
    </None>
    <None Include="Multitexture.vs">
      <Filter>Resource Files</Filter>
    </None>
    <None Include="Multitexture.ps">
      <Filter>Resource Files</Filter>
    </None>
    <None Include="Lightmap.vs">
      <Filter>Resource Files</Filter>
    </None>
    <None Include="Lightmap.ps">
      <Filter>Resource Files</Filter>
    </None>
    <None Include="Alphamap.vs">
      <Filter>Resource Files</Filter>
    </None>
    <None Include="Alphamap.ps">
      <Filter>Resource Files</Filter>
    </None>
  </ItemGroup>
</Project>